// !$*UTF8*$!
{
	archiveVersion = 1;
	classes = {
	};
	objectVersion = 48;
	objects = {

/* Begin PBXBuildFile section */
		2C6252272004715600D75065 /* Journal+CoreDataClass.swift in Sources */ = {isa = PBXBuildFile; fileRef = 2C6252252004715600D75065 /* Journal+CoreDataClass.swift */; };
		2C6252282004715600D75065 /* Journal+CoreDataProperties.swift in Sources */ = {isa = PBXBuildFile; fileRef = 2C6252262004715600D75065 /* Journal+CoreDataProperties.swift */; };
		2C62522A2004796E00D75065 /* NewEntryViewController.swift in Sources */ = {isa = PBXBuildFile; fileRef = 2C6252292004796E00D75065 /* NewEntryViewController.swift */; };
		2C62522C200480C200D75065 /* JournalTableViewController.swift in Sources */ = {isa = PBXBuildFile; fileRef = 2C62522B200480C200D75065 /* JournalTableViewController.swift */; };
		2C62522E2004827100D75065 /* JournalLibrarian.swift in Sources */ = {isa = PBXBuildFile; fileRef = 2C62522D2004827100D75065 /* JournalLibrarian.swift */; };
		2C6252312005208800D75065 /* Notifications.swift in Sources */ = {isa = PBXBuildFile; fileRef = 2C6252302005208800D75065 /* Notifications.swift */; };
		2C625233200672F300D75065 /* Downloader.swift in Sources */ = {isa = PBXBuildFile; fileRef = 2C625232200672F300D75065 /* Downloader.swift */; };
		2C7FB7F42003147F00554B70 /* AppDelegate.swift in Sources */ = {isa = PBXBuildFile; fileRef = 2C7FB7F32003147F00554B70 /* AppDelegate.swift */; };
		2C7FB7F92003147F00554B70 /* Main.storyboard in Resources */ = {isa = PBXBuildFile; fileRef = 2C7FB7F72003147F00554B70 /* Main.storyboard */; };
		2C7FB7FC2003147F00554B70 /* Journal.xcdatamodeld in Sources */ = {isa = PBXBuildFile; fileRef = 2C7FB7FA2003147F00554B70 /* Journal.xcdatamodeld */; };
		2C7FB7FE2003147F00554B70 /* Assets.xcassets in Resources */ = {isa = PBXBuildFile; fileRef = 2C7FB7FD2003147F00554B70 /* Assets.xcassets */; };
		2C7FB8012003147F00554B70 /* LaunchScreen.storyboard in Resources */ = {isa = PBXBuildFile; fileRef = 2C7FB7FF2003147F00554B70 /* LaunchScreen.storyboard */; };
		2C7FB80C2003147F00554B70 /* JournalTests.swift in Sources */ = {isa = PBXBuildFile; fileRef = 2C7FB80B2003147F00554B70 /* JournalTests.swift */; };
		2C7FB817200315EE00554B70 /* EditEntryViewController.swift in Sources */ = {isa = PBXBuildFile; fileRef = 2C7FB816200315EE00554B70 /* EditEntryViewController.swift */; };
		2C7FB81B2003F47100554B70 /* PersistentService.swift in Sources */ = {isa = PBXBuildFile; fileRef = 2C7FB81A2003F47100554B70 /* PersistentService.swift */; };
		2CD4839020042C3400606D32 /* EntryCollectionViewController.swift in Sources */ = {isa = PBXBuildFile; fileRef = 2CD4838F20042C3400606D32 /* EntryCollectionViewController.swift */; };
		2CD4839220042D5300606D32 /* EntryHistorian.swift in Sources */ = {isa = PBXBuildFile; fileRef = 2CD4839120042D5300606D32 /* EntryHistorian.swift */; };
		2CD4839420042E1900606D32 /* TimeFrame.swift in Sources */ = {isa = PBXBuildFile; fileRef = 2CD4839320042E1900606D32 /* TimeFrame.swift */; };
		2CD4839820045EF700606D32 /* ViewEntryViewController.swift in Sources */ = {isa = PBXBuildFile; fileRef = 2CD4839720045EF700606D32 /* ViewEntryViewController.swift */; };
		2CD4839C2004640200606D32 /* EditEntryView.storyboard in Resources */ = {isa = PBXBuildFile; fileRef = 2CD4839B2004640200606D32 /* EditEntryView.storyboard */; };
		2CD4839F200466A100606D32 /* Entry+CoreDataClass.swift in Sources */ = {isa = PBXBuildFile; fileRef = 2CD4839D200466A100606D32 /* Entry+CoreDataClass.swift */; };
		2CD483A0200466A100606D32 /* Entry+CoreDataProperties.swift in Sources */ = {isa = PBXBuildFile; fileRef = 2CD4839E200466A100606D32 /* Entry+CoreDataProperties.swift */; };
		2CEB588A20087285001EDEDC /* DateFormatter.swift in Sources */ = {isa = PBXBuildFile; fileRef = 2CEB588920087285001EDEDC /* DateFormatter.swift */; };
		2CEB588F20087BBE001EDEDC /* EntryCollectionViewCell.swift in Sources */ = {isa = PBXBuildFile; fileRef = 2CEB588E20087BBE001EDEDC /* EntryCollectionViewCell.swift */; };
		2CEB5893200A7019001EDEDC /* Exporter.swift in Sources */ = {isa = PBXBuildFile; fileRef = 2CEB5892200A7019001EDEDC /* Exporter.swift */; };
		2CEB5895200A7AFD001EDEDC /* DateChangerViewController.swift in Sources */ = {isa = PBXBuildFile; fileRef = 2CEB5894200A7AFD001EDEDC /* DateChangerViewController.swift */; };
		44646266D425FBCA080CEBC7 /* Pods_JournalTests.framework in Frameworks */ = {isa = PBXBuildFile; fileRef = 8E691FACDCD5FA6CD862F261 /* Pods_JournalTests.framework */; };
		FA81C46A80EF0D2F44244852 /* Pods_Journal.framework in Frameworks */ = {isa = PBXBuildFile; fileRef = 4F3746C0ABE2719D98BC3A84 /* Pods_Journal.framework */; };
/* End PBXBuildFile section */

/* Begin PBXContainerItemProxy section */
		2C7FB8082003147F00554B70 /* PBXContainerItemProxy */ = {
			isa = PBXContainerItemProxy;
			containerPortal = 2C7FB7E82003147F00554B70 /* Project object */;
			proxyType = 1;
			remoteGlobalIDString = 2C7FB7EF2003147F00554B70;
			remoteInfo = Journal;
		};
/* End PBXContainerItemProxy section */

/* Begin PBXFileReference section */
		24462FA03F935B76BB640C8F /* Pods-Journal.debug.xcconfig */ = {isa = PBXFileReference; includeInIndex = 1; lastKnownFileType = text.xcconfig; name = "Pods-Journal.debug.xcconfig"; path = "Pods/Target Support Files/Pods-Journal/Pods-Journal.debug.xcconfig"; sourceTree = "<group>"; };
		2C6252252004715600D75065 /* Journal+CoreDataClass.swift */ = {isa = PBXFileReference; lastKnownFileType = sourcecode.swift; path = "Journal+CoreDataClass.swift"; sourceTree = "<group>"; };
		2C6252262004715600D75065 /* Journal+CoreDataProperties.swift */ = {isa = PBXFileReference; lastKnownFileType = sourcecode.swift; path = "Journal+CoreDataProperties.swift"; sourceTree = "<group>"; };
		2C6252292004796E00D75065 /* NewEntryViewController.swift */ = {isa = PBXFileReference; lastKnownFileType = sourcecode.swift; path = NewEntryViewController.swift; sourceTree = "<group>"; };
		2C62522B200480C200D75065 /* JournalTableViewController.swift */ = {isa = PBXFileReference; lastKnownFileType = sourcecode.swift; path = JournalTableViewController.swift; sourceTree = "<group>"; };
		2C62522D2004827100D75065 /* JournalLibrarian.swift */ = {isa = PBXFileReference; lastKnownFileType = sourcecode.swift; path = JournalLibrarian.swift; sourceTree = "<group>"; };
		2C6252302005208800D75065 /* Notifications.swift */ = {isa = PBXFileReference; lastKnownFileType = sourcecode.swift; path = Notifications.swift; sourceTree = "<group>"; };
		2C625232200672F300D75065 /* Downloader.swift */ = {isa = PBXFileReference; lastKnownFileType = sourcecode.swift; path = Downloader.swift; sourceTree = "<group>"; };
		2C7FB7F02003147F00554B70 /* Journal.app */ = {isa = PBXFileReference; explicitFileType = wrapper.application; includeInIndex = 0; path = Journal.app; sourceTree = BUILT_PRODUCTS_DIR; };
		2C7FB7F32003147F00554B70 /* AppDelegate.swift */ = {isa = PBXFileReference; lastKnownFileType = sourcecode.swift; path = AppDelegate.swift; sourceTree = "<group>"; };
		2C7FB7F82003147F00554B70 /* Base */ = {isa = PBXFileReference; lastKnownFileType = file.storyboard; name = Base; path = Base.lproj/Main.storyboard; sourceTree = "<group>"; };
		2C7FB7FB2003147F00554B70 /* Journal.xcdatamodel */ = {isa = PBXFileReference; lastKnownFileType = wrapper.xcdatamodel; path = Journal.xcdatamodel; sourceTree = "<group>"; };
		2C7FB7FD2003147F00554B70 /* Assets.xcassets */ = {isa = PBXFileReference; lastKnownFileType = folder.assetcatalog; path = Assets.xcassets; sourceTree = "<group>"; };
		2C7FB8002003147F00554B70 /* Base */ = {isa = PBXFileReference; lastKnownFileType = file.storyboard; name = Base; path = Base.lproj/LaunchScreen.storyboard; sourceTree = "<group>"; };
		2C7FB8022003147F00554B70 /* Info.plist */ = {isa = PBXFileReference; lastKnownFileType = text.plist.xml; path = Info.plist; sourceTree = "<group>"; };
		2C7FB8072003147F00554B70 /* JournalTests.xctest */ = {isa = PBXFileReference; explicitFileType = wrapper.cfbundle; includeInIndex = 0; path = JournalTests.xctest; sourceTree = BUILT_PRODUCTS_DIR; };
		2C7FB80B2003147F00554B70 /* JournalTests.swift */ = {isa = PBXFileReference; lastKnownFileType = sourcecode.swift; path = JournalTests.swift; sourceTree = "<group>"; };
		2C7FB80D2003147F00554B70 /* Info.plist */ = {isa = PBXFileReference; lastKnownFileType = text.plist.xml; path = Info.plist; sourceTree = "<group>"; };
		2C7FB816200315EE00554B70 /* EditEntryViewController.swift */ = {isa = PBXFileReference; lastKnownFileType = sourcecode.swift; path = EditEntryViewController.swift; sourceTree = "<group>"; };
		2C7FB81A2003F47100554B70 /* PersistentService.swift */ = {isa = PBXFileReference; fileEncoding = 4; lastKnownFileType = sourcecode.swift; path = PersistentService.swift; sourceTree = "<group>"; };
		2CD4838F20042C3400606D32 /* EntryCollectionViewController.swift */ = {isa = PBXFileReference; lastKnownFileType = sourcecode.swift; path = EntryCollectionViewController.swift; sourceTree = "<group>"; };
		2CD4839120042D5300606D32 /* EntryHistorian.swift */ = {isa = PBXFileReference; lastKnownFileType = sourcecode.swift; path = EntryHistorian.swift; sourceTree = "<group>"; };
		2CD4839320042E1900606D32 /* TimeFrame.swift */ = {isa = PBXFileReference; lastKnownFileType = sourcecode.swift; path = TimeFrame.swift; sourceTree = "<group>"; };
		2CD4839720045EF700606D32 /* ViewEntryViewController.swift */ = {isa = PBXFileReference; lastKnownFileType = sourcecode.swift; path = ViewEntryViewController.swift; sourceTree = "<group>"; };
		2CD4839B2004640200606D32 /* EditEntryView.storyboard */ = {isa = PBXFileReference; lastKnownFileType = file.storyboard; path = EditEntryView.storyboard; sourceTree = "<group>"; };
		2CD4839D200466A100606D32 /* Entry+CoreDataClass.swift */ = {isa = PBXFileReference; lastKnownFileType = sourcecode.swift; path = "Entry+CoreDataClass.swift"; sourceTree = "<group>"; };
		2CD4839E200466A100606D32 /* Entry+CoreDataProperties.swift */ = {isa = PBXFileReference; lastKnownFileType = sourcecode.swift; path = "Entry+CoreDataProperties.swift"; sourceTree = "<group>"; };
		2CEB588920087285001EDEDC /* DateFormatter.swift */ = {isa = PBXFileReference; lastKnownFileType = sourcecode.swift; path = DateFormatter.swift; sourceTree = "<group>"; };
		2CEB588E20087BBE001EDEDC /* EntryCollectionViewCell.swift */ = {isa = PBXFileReference; lastKnownFileType = sourcecode.swift; path = EntryCollectionViewCell.swift; sourceTree = "<group>"; };
		2CEB5892200A7019001EDEDC /* Exporter.swift */ = {isa = PBXFileReference; lastKnownFileType = sourcecode.swift; path = Exporter.swift; sourceTree = "<group>"; };
		2CEB5894200A7AFD001EDEDC /* DateChangerViewController.swift */ = {isa = PBXFileReference; lastKnownFileType = sourcecode.swift; path = DateChangerViewController.swift; sourceTree = "<group>"; };
		4F3746C0ABE2719D98BC3A84 /* Pods_Journal.framework */ = {isa = PBXFileReference; explicitFileType = wrapper.framework; includeInIndex = 0; path = Pods_Journal.framework; sourceTree = BUILT_PRODUCTS_DIR; };
		77C6ADAD74A68FB5FFACE9F0 /* Pods-JournalTests.debug.xcconfig */ = {isa = PBXFileReference; includeInIndex = 1; lastKnownFileType = text.xcconfig; name = "Pods-JournalTests.debug.xcconfig"; path = "Pods/Target Support Files/Pods-JournalTests/Pods-JournalTests.debug.xcconfig"; sourceTree = "<group>"; };
		8E691FACDCD5FA6CD862F261 /* Pods_JournalTests.framework */ = {isa = PBXFileReference; explicitFileType = wrapper.framework; includeInIndex = 0; path = Pods_JournalTests.framework; sourceTree = BUILT_PRODUCTS_DIR; };
		B47706088AD68D00EA7F6F63 /* Pods-JournalTests.release.xcconfig */ = {isa = PBXFileReference; includeInIndex = 1; lastKnownFileType = text.xcconfig; name = "Pods-JournalTests.release.xcconfig"; path = "Pods/Target Support Files/Pods-JournalTests/Pods-JournalTests.release.xcconfig"; sourceTree = "<group>"; };
		CCD7BB200682C4B68D9C7D7E /* Pods-Journal.release.xcconfig */ = {isa = PBXFileReference; includeInIndex = 1; lastKnownFileType = text.xcconfig; name = "Pods-Journal.release.xcconfig"; path = "Pods/Target Support Files/Pods-Journal/Pods-Journal.release.xcconfig"; sourceTree = "<group>"; };
/* End PBXFileReference section */

/* Begin PBXFrameworksBuildPhase section */
		2C7FB7ED2003147F00554B70 /* Frameworks */ = {
			isa = PBXFrameworksBuildPhase;
			buildActionMask = 2147483647;
			files = (
				FA81C46A80EF0D2F44244852 /* Pods_Journal.framework in Frameworks */,
			);
			runOnlyForDeploymentPostprocessing = 0;
		};
		2C7FB8042003147F00554B70 /* Frameworks */ = {
			isa = PBXFrameworksBuildPhase;
			buildActionMask = 2147483647;
			files = (
				44646266D425FBCA080CEBC7 /* Pods_JournalTests.framework in Frameworks */,
			);
			runOnlyForDeploymentPostprocessing = 0;
		};
/* End PBXFrameworksBuildPhase section */

/* Begin PBXGroup section */
		2C62522F2005205200D75065 /* Core Data */ = {
			isa = PBXGroup;
			children = (
				2C6252252004715600D75065 /* Journal+CoreDataClass.swift */,
				2C6252262004715600D75065 /* Journal+CoreDataProperties.swift */,
				2CD4839D200466A100606D32 /* Entry+CoreDataClass.swift */,
				2CD4839E200466A100606D32 /* Entry+CoreDataProperties.swift */,
				2C7FB81A2003F47100554B70 /* PersistentService.swift */,
				2C7FB7FA2003147F00554B70 /* Journal.xcdatamodeld */,
			);
			path = "Core Data";
			sourceTree = "<group>";
		};
		2C7FB7E72003147F00554B70 = {
			isa = PBXGroup;
			children = (
				2C7FB7F22003147F00554B70 /* Journal */,
				2C7FB80A2003147F00554B70 /* JournalTests */,
				2C7FB7F12003147F00554B70 /* Products */,
				74A8A647CD9FBDC20137123F /* Pods */,
				5F13D7608694ED04418EC2CA /* Frameworks */,
			);
			sourceTree = "<group>";
		};
		2C7FB7F12003147F00554B70 /* Products */ = {
			isa = PBXGroup;
			children = (
				2C7FB7F02003147F00554B70 /* Journal.app */,
				2C7FB8072003147F00554B70 /* JournalTests.xctest */,
			);
			name = Products;
			sourceTree = "<group>";
		};
		2C7FB7F22003147F00554B70 /* Journal */ = {
			isa = PBXGroup;
			children = (
				2CEB588920087285001EDEDC /* DateFormatter.swift */,
				2CEB5892200A7019001EDEDC /* Exporter.swift */,
				2C625232200672F300D75065 /* Downloader.swift */,
				2C6252302005208800D75065 /* Notifications.swift */,
				2C7FB7F32003147F00554B70 /* AppDelegate.swift */,
				2CEB588D20087B22001EDEDC /* Views */,
				2CD4839520042EA700606D32 /* View Controllers */,
				2CD4839620042EBF00606D32 /* Models */,
				2C7FB7F72003147F00554B70 /* Main.storyboard */,
				2CD4839B2004640200606D32 /* EditEntryView.storyboard */,
				2C7FB7FD2003147F00554B70 /* Assets.xcassets */,
				2C7FB7FF2003147F00554B70 /* LaunchScreen.storyboard */,
				2C7FB8022003147F00554B70 /* Info.plist */,
			);
			path = Journal;
			sourceTree = "<group>";
		};
		2C7FB80A2003147F00554B70 /* JournalTests */ = {
			isa = PBXGroup;
			children = (
				2C7FB80B2003147F00554B70 /* JournalTests.swift */,
				2C7FB80D2003147F00554B70 /* Info.plist */,
			);
			path = JournalTests;
			sourceTree = "<group>";
		};
		2CD4839520042EA700606D32 /* View Controllers */ = {
			isa = PBXGroup;
			children = (
				2CEB5894200A7AFD001EDEDC /* DateChangerViewController.swift */,
				2C6252292004796E00D75065 /* NewEntryViewController.swift */,
				2C62522B200480C200D75065 /* JournalTableViewController.swift */,
				2C7FB816200315EE00554B70 /* EditEntryViewController.swift */,
				2CD4838F20042C3400606D32 /* EntryCollectionViewController.swift */,
				2CD4839720045EF700606D32 /* ViewEntryViewController.swift */,
			);
			path = "View Controllers";
			sourceTree = "<group>";
		};
		2CD4839620042EBF00606D32 /* Models */ = {
			isa = PBXGroup;
			children = (
				2CD4839120042D5300606D32 /* EntryHistorian.swift */,
				2C62522D2004827100D75065 /* JournalLibrarian.swift */,
				2CD4839320042E1900606D32 /* TimeFrame.swift */,
				2C62522F2005205200D75065 /* Core Data */,
			);
			path = Models;
			sourceTree = "<group>";
		};
		2CEB588D20087B22001EDEDC /* Views */ = {
			isa = PBXGroup;
			children = (
				2CEB588E20087BBE001EDEDC /* EntryCollectionViewCell.swift */,
			);
			path = Views;
			sourceTree = "<group>";
		};
		5F13D7608694ED04418EC2CA /* Frameworks */ = {
			isa = PBXGroup;
			children = (
				4F3746C0ABE2719D98BC3A84 /* Pods_Journal.framework */,
				8E691FACDCD5FA6CD862F261 /* Pods_JournalTests.framework */,
			);
			name = Frameworks;
			sourceTree = "<group>";
		};
		74A8A647CD9FBDC20137123F /* Pods */ = {
			isa = PBXGroup;
			children = (
				24462FA03F935B76BB640C8F /* Pods-Journal.debug.xcconfig */,
				CCD7BB200682C4B68D9C7D7E /* Pods-Journal.release.xcconfig */,
				77C6ADAD74A68FB5FFACE9F0 /* Pods-JournalTests.debug.xcconfig */,
				B47706088AD68D00EA7F6F63 /* Pods-JournalTests.release.xcconfig */,
			);
			name = Pods;
			sourceTree = "<group>";
		};
/* End PBXGroup section */

/* Begin PBXNativeTarget section */
		2C7FB7EF2003147F00554B70 /* Journal */ = {
			isa = PBXNativeTarget;
			buildConfigurationList = 2C7FB8102003147F00554B70 /* Build configuration list for PBXNativeTarget "Journal" */;
			buildPhases = (
				B40400D6D2FFDAA06D14ED5B /* [CP] Check Pods Manifest.lock */,
				2C7FB7EC2003147F00554B70 /* Sources */,
				2C7FB7ED2003147F00554B70 /* Frameworks */,
				2C7FB7EE2003147F00554B70 /* Resources */,
				22A75491F857D889D7E2F1FD /* [CP] Embed Pods Frameworks */,
				D17D13EEF290D3BCDB3A3B4F /* [CP] Copy Pods Resources */,
			);
			buildRules = (
			);
			dependencies = (
			);
			name = Journal;
			productName = Journal;
			productReference = 2C7FB7F02003147F00554B70 /* Journal.app */;
			productType = "com.apple.product-type.application";
		};
		2C7FB8062003147F00554B70 /* JournalTests */ = {
			isa = PBXNativeTarget;
			buildConfigurationList = 2C7FB8132003147F00554B70 /* Build configuration list for PBXNativeTarget "JournalTests" */;
			buildPhases = (
				6BA60C06F70B1B6A3AC1D0B9 /* [CP] Check Pods Manifest.lock */,
				2C7FB8032003147F00554B70 /* Sources */,
				2C7FB8042003147F00554B70 /* Frameworks */,
				2C7FB8052003147F00554B70 /* Resources */,
				181C9A1F146F9574BD2BD77E /* [CP] Embed Pods Frameworks */,
				7735482F61DC1EF68DD81FAD /* [CP] Copy Pods Resources */,
			);
			buildRules = (
			);
			dependencies = (
				2C7FB8092003147F00554B70 /* PBXTargetDependency */,
			);
			name = JournalTests;
			productName = JournalTests;
			productReference = 2C7FB8072003147F00554B70 /* JournalTests.xctest */;
			productType = "com.apple.product-type.bundle.unit-test";
		};
/* End PBXNativeTarget section */

/* Begin PBXProject section */
		2C7FB7E82003147F00554B70 /* Project object */ = {
			isa = PBXProject;
			attributes = {
				LastSwiftUpdateCheck = 0920;
				LastUpgradeCheck = 0920;
				ORGANIZATIONNAME = "Eddie Huang";
				TargetAttributes = {
					2C7FB7EF2003147F00554B70 = {
						CreatedOnToolsVersion = 9.2;
						ProvisioningStyle = Automatic;
					};
					2C7FB8062003147F00554B70 = {
						CreatedOnToolsVersion = 9.2;
						ProvisioningStyle = Automatic;
						TestTargetID = 2C7FB7EF2003147F00554B70;
					};
				};
			};
			buildConfigurationList = 2C7FB7EB2003147F00554B70 /* Build configuration list for PBXProject "Journal" */;
			compatibilityVersion = "Xcode 8.0";
			developmentRegion = en;
			hasScannedForEncodings = 0;
			knownRegions = (
				en,
				Base,
			);
			mainGroup = 2C7FB7E72003147F00554B70;
			productRefGroup = 2C7FB7F12003147F00554B70 /* Products */;
			projectDirPath = "";
			projectRoot = "";
			targets = (
				2C7FB7EF2003147F00554B70 /* Journal */,
				2C7FB8062003147F00554B70 /* JournalTests */,
			);
		};
/* End PBXProject section */

/* Begin PBXResourcesBuildPhase section */
		2C7FB7EE2003147F00554B70 /* Resources */ = {
			isa = PBXResourcesBuildPhase;
			buildActionMask = 2147483647;
			files = (
				2C7FB8012003147F00554B70 /* LaunchScreen.storyboard in Resources */,
				2C7FB7FE2003147F00554B70 /* Assets.xcassets in Resources */,
				2CD4839C2004640200606D32 /* EditEntryView.storyboard in Resources */,
				2C7FB7F92003147F00554B70 /* Main.storyboard in Resources */,
			);
			runOnlyForDeploymentPostprocessing = 0;
		};
		2C7FB8052003147F00554B70 /* Resources */ = {
			isa = PBXResourcesBuildPhase;
			buildActionMask = 2147483647;
			files = (
			);
			runOnlyForDeploymentPostprocessing = 0;
		};
/* End PBXResourcesBuildPhase section */

/* Begin PBXShellScriptBuildPhase section */
		181C9A1F146F9574BD2BD77E /* [CP] Embed Pods Frameworks */ = {
			isa = PBXShellScriptBuildPhase;
			buildActionMask = 2147483647;
			files = (
			);
			inputPaths = (
				"${SRCROOT}/Pods/Target Support Files/Pods-JournalTests/Pods-JournalTests-frameworks.sh",
				"${BUILT_PRODUCTS_DIR}/RxSwift/RxSwift.framework",
				"${BUILT_PRODUCTS_DIR}/RxBlocking/RxBlocking.framework",
				"${BUILT_PRODUCTS_DIR}/RxTest/RxTest.framework",
			);
			name = "[CP] Embed Pods Frameworks";
			outputPaths = (
				"${TARGET_BUILD_DIR}/${FRAMEWORKS_FOLDER_PATH}/RxSwift.framework",
				"${TARGET_BUILD_DIR}/${FRAMEWORKS_FOLDER_PATH}/RxBlocking.framework",
				"${TARGET_BUILD_DIR}/${FRAMEWORKS_FOLDER_PATH}/RxTest.framework",
			);
			runOnlyForDeploymentPostprocessing = 0;
			shellPath = /bin/sh;
			shellScript = "\"${SRCROOT}/Pods/Target Support Files/Pods-JournalTests/Pods-JournalTests-frameworks.sh\"\n";
			showEnvVarsInLog = 0;
		};
		22A75491F857D889D7E2F1FD /* [CP] Embed Pods Frameworks */ = {
			isa = PBXShellScriptBuildPhase;
			buildActionMask = 2147483647;
			files = (
			);
			inputPaths = (
				"${SRCROOT}/Pods/Target Support Files/Pods-Journal/Pods-Journal-frameworks.sh",
				"${BUILT_PRODUCTS_DIR}/RxCocoa/RxCocoa.framework",
				"${BUILT_PRODUCTS_DIR}/RxSwift/RxSwift.framework",
			);
			name = "[CP] Embed Pods Frameworks";
			outputPaths = (
				"${TARGET_BUILD_DIR}/${FRAMEWORKS_FOLDER_PATH}/RxCocoa.framework",
				"${TARGET_BUILD_DIR}/${FRAMEWORKS_FOLDER_PATH}/RxSwift.framework",
			);
			runOnlyForDeploymentPostprocessing = 0;
			shellPath = /bin/sh;
			shellScript = "\"${SRCROOT}/Pods/Target Support Files/Pods-Journal/Pods-Journal-frameworks.sh\"\n";
			showEnvVarsInLog = 0;
		};
		6BA60C06F70B1B6A3AC1D0B9 /* [CP] Check Pods Manifest.lock */ = {
			isa = PBXShellScriptBuildPhase;
			buildActionMask = 2147483647;
			files = (
			);
			inputPaths = (
				"${PODS_PODFILE_DIR_PATH}/Podfile.lock",
				"${PODS_ROOT}/Manifest.lock",
			);
			name = "[CP] Check Pods Manifest.lock";
			outputPaths = (
				"$(DERIVED_FILE_DIR)/Pods-JournalTests-checkManifestLockResult.txt",
			);
			runOnlyForDeploymentPostprocessing = 0;
			shellPath = /bin/sh;
			shellScript = "diff \"${PODS_PODFILE_DIR_PATH}/Podfile.lock\" \"${PODS_ROOT}/Manifest.lock\" > /dev/null\nif [ $? != 0 ] ; then\n    # print error to STDERR\n    echo \"error: The sandbox is not in sync with the Podfile.lock. Run 'pod install' or update your CocoaPods installation.\" >&2\n    exit 1\nfi\n# This output is used by Xcode 'outputs' to avoid re-running this script phase.\necho \"SUCCESS\" > \"${SCRIPT_OUTPUT_FILE_0}\"\n";
			showEnvVarsInLog = 0;
		};
		7735482F61DC1EF68DD81FAD /* [CP] Copy Pods Resources */ = {
			isa = PBXShellScriptBuildPhase;
			buildActionMask = 2147483647;
			files = (
			);
			inputPaths = (
			);
			name = "[CP] Copy Pods Resources";
			outputPaths = (
			);
			runOnlyForDeploymentPostprocessing = 0;
			shellPath = /bin/sh;
			shellScript = "\"${SRCROOT}/Pods/Target Support Files/Pods-JournalTests/Pods-JournalTests-resources.sh\"\n";
			showEnvVarsInLog = 0;
		};
		B40400D6D2FFDAA06D14ED5B /* [CP] Check Pods Manifest.lock */ = {
			isa = PBXShellScriptBuildPhase;
			buildActionMask = 2147483647;
			files = (
			);
			inputPaths = (
				"${PODS_PODFILE_DIR_PATH}/Podfile.lock",
				"${PODS_ROOT}/Manifest.lock",
			);
			name = "[CP] Check Pods Manifest.lock";
			outputPaths = (
				"$(DERIVED_FILE_DIR)/Pods-Journal-checkManifestLockResult.txt",
			);
			runOnlyForDeploymentPostprocessing = 0;
			shellPath = /bin/sh;
			shellScript = "diff \"${PODS_PODFILE_DIR_PATH}/Podfile.lock\" \"${PODS_ROOT}/Manifest.lock\" > /dev/null\nif [ $? != 0 ] ; then\n    # print error to STDERR\n    echo \"error: The sandbox is not in sync with the Podfile.lock. Run 'pod install' or update your CocoaPods installation.\" >&2\n    exit 1\nfi\n# This output is used by Xcode 'outputs' to avoid re-running this script phase.\necho \"SUCCESS\" > \"${SCRIPT_OUTPUT_FILE_0}\"\n";
			showEnvVarsInLog = 0;
		};
		D17D13EEF290D3BCDB3A3B4F /* [CP] Copy Pods Resources */ = {
			isa = PBXShellScriptBuildPhase;
			buildActionMask = 2147483647;
			files = (
			);
			inputPaths = (
			);
			name = "[CP] Copy Pods Resources";
			outputPaths = (
			);
			runOnlyForDeploymentPostprocessing = 0;
			shellPath = /bin/sh;
			shellScript = "\"${SRCROOT}/Pods/Target Support Files/Pods-Journal/Pods-Journal-resources.sh\"\n";
			showEnvVarsInLog = 0;
		};
/* End PBXShellScriptBuildPhase section */

/* Begin PBXSourcesBuildPhase section */
		2C7FB7EC2003147F00554B70 /* Sources */ = {
			isa = PBXSourcesBuildPhase;
			buildActionMask = 2147483647;
			files = (
				2CEB588A20087285001EDEDC /* DateFormatter.swift in Sources */,
				2CD4839220042D5300606D32 /* EntryHistorian.swift in Sources */,
				2CEB5893200A7019001EDEDC /* Exporter.swift in Sources */,
				2CD4839020042C3400606D32 /* EntryCollectionViewController.swift in Sources */,
				2CD4839420042E1900606D32 /* TimeFrame.swift in Sources */,
				2CEB5895200A7AFD001EDEDC /* DateChangerViewController.swift in Sources */,
				2C6252272004715600D75065 /* Journal+CoreDataClass.swift in Sources */,
				2C7FB81B2003F47100554B70 /* PersistentService.swift in Sources */,
				2CD483A0200466A100606D32 /* Entry+CoreDataProperties.swift in Sources */,
				2CD4839F200466A100606D32 /* Entry+CoreDataClass.swift in Sources */,
				2CD4839820045EF700606D32 /* ViewEntryViewController.swift in Sources */,
				2C6252312005208800D75065 /* Notifications.swift in Sources */,
				2C7FB7FC2003147F00554B70 /* Journal.xcdatamodeld in Sources */,
				2C625233200672F300D75065 /* Downloader.swift in Sources */,
				2C62522E2004827100D75065 /* JournalLibrarian.swift in Sources */,
				2C62522A2004796E00D75065 /* NewEntryViewController.swift in Sources */,
				2C62522C200480C200D75065 /* JournalTableViewController.swift in Sources */,
				2C7FB817200315EE00554B70 /* EditEntryViewController.swift in Sources */,
				2C6252282004715600D75065 /* Journal+CoreDataProperties.swift in Sources */,
				2C7FB7F42003147F00554B70 /* AppDelegate.swift in Sources */,
				2CEB588F20087BBE001EDEDC /* EntryCollectionViewCell.swift in Sources */,
			);
			runOnlyForDeploymentPostprocessing = 0;
		};
		2C7FB8032003147F00554B70 /* Sources */ = {
			isa = PBXSourcesBuildPhase;
			buildActionMask = 2147483647;
			files = (
				2C7FB80C2003147F00554B70 /* JournalTests.swift in Sources */,
			);
			runOnlyForDeploymentPostprocessing = 0;
		};
/* End PBXSourcesBuildPhase section */

/* Begin PBXTargetDependency section */
		2C7FB8092003147F00554B70 /* PBXTargetDependency */ = {
			isa = PBXTargetDependency;
			target = 2C7FB7EF2003147F00554B70 /* Journal */;
			targetProxy = 2C7FB8082003147F00554B70 /* PBXContainerItemProxy */;
		};
/* End PBXTargetDependency section */

/* Begin PBXVariantGroup section */
		2C7FB7F72003147F00554B70 /* Main.storyboard */ = {
			isa = PBXVariantGroup;
			children = (
				2C7FB7F82003147F00554B70 /* Base */,
			);
			name = Main.storyboard;
			sourceTree = "<group>";
		};
		2C7FB7FF2003147F00554B70 /* LaunchScreen.storyboard */ = {
			isa = PBXVariantGroup;
			children = (
				2C7FB8002003147F00554B70 /* Base */,
			);
			name = LaunchScreen.storyboard;
			sourceTree = "<group>";
		};
/* End PBXVariantGroup section */

/* Begin XCBuildConfiguration section */
		2C7FB80E2003147F00554B70 /* Debug */ = {
			isa = XCBuildConfiguration;
			buildSettings = {
				ALWAYS_SEARCH_USER_PATHS = NO;
				CLANG_ANALYZER_NONNULL = YES;
				CLANG_ANALYZER_NUMBER_OBJECT_CONVERSION = YES_AGGRESSIVE;
				CLANG_CXX_LANGUAGE_STANDARD = "gnu++14";
				CLANG_CXX_LIBRARY = "libc++";
				CLANG_ENABLE_MODULES = YES;
				CLANG_ENABLE_OBJC_ARC = YES;
				CLANG_WARN_BLOCK_CAPTURE_AUTORELEASING = YES;
				CLANG_WARN_BOOL_CONVERSION = YES;
				CLANG_WARN_COMMA = YES;
				CLANG_WARN_CONSTANT_CONVERSION = YES;
				CLANG_WARN_DIRECT_OBJC_ISA_USAGE = YES_ERROR;
				CLANG_WARN_DOCUMENTATION_COMMENTS = YES;
				CLANG_WARN_EMPTY_BODY = YES;
				CLANG_WARN_ENUM_CONVERSION = YES;
				CLANG_WARN_INFINITE_RECURSION = YES;
				CLANG_WARN_INT_CONVERSION = YES;
				CLANG_WARN_NON_LITERAL_NULL_CONVERSION = YES;
				CLANG_WARN_OBJC_LITERAL_CONVERSION = YES;
				CLANG_WARN_OBJC_ROOT_CLASS = YES_ERROR;
				CLANG_WARN_RANGE_LOOP_ANALYSIS = YES;
				CLANG_WARN_STRICT_PROTOTYPES = YES;
				CLANG_WARN_SUSPICIOUS_MOVE = YES;
				CLANG_WARN_UNGUARDED_AVAILABILITY = YES_AGGRESSIVE;
				CLANG_WARN_UNREACHABLE_CODE = YES;
				CLANG_WARN__DUPLICATE_METHOD_MATCH = YES;
				CODE_SIGN_IDENTITY = "iPhone Developer";
				COPY_PHASE_STRIP = NO;
				DEBUG_INFORMATION_FORMAT = dwarf;
				ENABLE_STRICT_OBJC_MSGSEND = YES;
				ENABLE_TESTABILITY = YES;
				GCC_C_LANGUAGE_STANDARD = gnu11;
				GCC_DYNAMIC_NO_PIC = NO;
				GCC_NO_COMMON_BLOCKS = YES;
				GCC_OPTIMIZATION_LEVEL = 0;
				GCC_PREPROCESSOR_DEFINITIONS = (
					"DEBUG=1",
					"$(inherited)",
				);
				GCC_WARN_64_TO_32_BIT_CONVERSION = YES;
				GCC_WARN_ABOUT_RETURN_TYPE = YES_ERROR;
				GCC_WARN_UNDECLARED_SELECTOR = YES;
				GCC_WARN_UNINITIALIZED_AUTOS = YES_AGGRESSIVE;
				GCC_WARN_UNUSED_FUNCTION = YES;
				GCC_WARN_UNUSED_VARIABLE = YES;
				IPHONEOS_DEPLOYMENT_TARGET = 11.2;
				MTL_ENABLE_DEBUG_INFO = YES;
				ONLY_ACTIVE_ARCH = YES;
				SDKROOT = iphoneos;
				SWIFT_ACTIVE_COMPILATION_CONDITIONS = DEBUG;
				SWIFT_OPTIMIZATION_LEVEL = "-Onone";
			};
			name = Debug;
		};
		2C7FB80F2003147F00554B70 /* Release */ = {
			isa = XCBuildConfiguration;
			buildSettings = {
				ALWAYS_SEARCH_USER_PATHS = NO;
				CLANG_ANALYZER_NONNULL = YES;
				CLANG_ANALYZER_NUMBER_OBJECT_CONVERSION = YES_AGGRESSIVE;
				CLANG_CXX_LANGUAGE_STANDARD = "gnu++14";
				CLANG_CXX_LIBRARY = "libc++";
				CLANG_ENABLE_MODULES = YES;
				CLANG_ENABLE_OBJC_ARC = YES;
				CLANG_WARN_BLOCK_CAPTURE_AUTORELEASING = YES;
				CLANG_WARN_BOOL_CONVERSION = YES;
				CLANG_WARN_COMMA = YES;
				CLANG_WARN_CONSTANT_CONVERSION = YES;
				CLANG_WARN_DIRECT_OBJC_ISA_USAGE = YES_ERROR;
				CLANG_WARN_DOCUMENTATION_COMMENTS = YES;
				CLANG_WARN_EMPTY_BODY = YES;
				CLANG_WARN_ENUM_CONVERSION = YES;
				CLANG_WARN_INFINITE_RECURSION = YES;
				CLANG_WARN_INT_CONVERSION = YES;
				CLANG_WARN_NON_LITERAL_NULL_CONVERSION = YES;
				CLANG_WARN_OBJC_LITERAL_CONVERSION = YES;
				CLANG_WARN_OBJC_ROOT_CLASS = YES_ERROR;
				CLANG_WARN_RANGE_LOOP_ANALYSIS = YES;
				CLANG_WARN_STRICT_PROTOTYPES = YES;
				CLANG_WARN_SUSPICIOUS_MOVE = YES;
				CLANG_WARN_UNGUARDED_AVAILABILITY = YES_AGGRESSIVE;
				CLANG_WARN_UNREACHABLE_CODE = YES;
				CLANG_WARN__DUPLICATE_METHOD_MATCH = YES;
				CODE_SIGN_IDENTITY = "iPhone Developer";
				COPY_PHASE_STRIP = NO;
				DEBUG_INFORMATION_FORMAT = "dwarf-with-dsym";
				ENABLE_NS_ASSERTIONS = NO;
				ENABLE_STRICT_OBJC_MSGSEND = YES;
				GCC_C_LANGUAGE_STANDARD = gnu11;
				GCC_NO_COMMON_BLOCKS = YES;
				GCC_WARN_64_TO_32_BIT_CONVERSION = YES;
				GCC_WARN_ABOUT_RETURN_TYPE = YES_ERROR;
				GCC_WARN_UNDECLARED_SELECTOR = YES;
				GCC_WARN_UNINITIALIZED_AUTOS = YES_AGGRESSIVE;
				GCC_WARN_UNUSED_FUNCTION = YES;
				GCC_WARN_UNUSED_VARIABLE = YES;
				IPHONEOS_DEPLOYMENT_TARGET = 11.2;
				MTL_ENABLE_DEBUG_INFO = NO;
				SDKROOT = iphoneos;
				SWIFT_OPTIMIZATION_LEVEL = "-Owholemodule";
				VALIDATE_PRODUCT = YES;
			};
			name = Release;
		};
		2C7FB8112003147F00554B70 /* Debug */ = {
			isa = XCBuildConfiguration;
			baseConfigurationReference = 24462FA03F935B76BB640C8F /* Pods-Journal.debug.xcconfig */;
			buildSettings = {
				ASSETCATALOG_COMPILER_APPICON_NAME = AppIcon;
				CODE_SIGN_STYLE = Automatic;
				DEVELOPMENT_TEAM = CNVS5VG567;
				INFOPLIST_FILE = Journal/Info.plist;
				LD_RUNPATH_SEARCH_PATHS = "$(inherited) @executable_path/Frameworks";
				PRODUCT_BUNDLE_IDENTIFIER = com.aigagror.Journal;
				PRODUCT_NAME = "$(TARGET_NAME)";
				SWIFT_VERSION = 4.0;
				TARGETED_DEVICE_FAMILY = "1,2";
			};
			name = Debug;
		};
		2C7FB8122003147F00554B70 /* Release */ = {
			isa = XCBuildConfiguration;
			baseConfigurationReference = CCD7BB200682C4B68D9C7D7E /* Pods-Journal.release.xcconfig */;
			buildSettings = {
				ASSETCATALOG_COMPILER_APPICON_NAME = AppIcon;
				CODE_SIGN_STYLE = Automatic;
				DEVELOPMENT_TEAM = CNVS5VG567;
				INFOPLIST_FILE = Journal/Info.plist;
				LD_RUNPATH_SEARCH_PATHS = "$(inherited) @executable_path/Frameworks";
				PRODUCT_BUNDLE_IDENTIFIER = com.aigagror.Journal;
				PRODUCT_NAME = "$(TARGET_NAME)";
				SWIFT_VERSION = 4.0;
				TARGETED_DEVICE_FAMILY = "1,2";
			};
			name = Release;
		};
		2C7FB8142003147F00554B70 /* Debug */ = {
			isa = XCBuildConfiguration;
			baseConfigurationReference = 77C6ADAD74A68FB5FFACE9F0 /* Pods-JournalTests.debug.xcconfig */;
			buildSettings = {
				ALWAYS_EMBED_SWIFT_STANDARD_LIBRARIES = YES;
				BUNDLE_LOADER = "$(TEST_HOST)";
				CODE_SIGN_STYLE = Automatic;
				DEVELOPMENT_TEAM = CNVS5VG567;
				INFOPLIST_FILE = JournalTests/Info.plist;
				LD_RUNPATH_SEARCH_PATHS = "$(inherited) @executable_path/Frameworks @loader_path/Frameworks";
				PRODUCT_BUNDLE_IDENTIFIER = com.aigagror.JournalTests;
				PRODUCT_NAME = "$(TARGET_NAME)";
				SWIFT_VERSION = 4.0;
				TARGETED_DEVICE_FAMILY = "1,2";
				TEST_HOST = "$(BUILT_PRODUCTS_DIR)/Journal.app/Journal";
			};
			name = Debug;
		};
		2C7FB8152003147F00554B70 /* Release */ = {
			isa = XCBuildConfiguration;
			baseConfigurationReference = B47706088AD68D00EA7F6F63 /* Pods-JournalTests.release.xcconfig */;
			buildSettings = {
				ALWAYS_EMBED_SWIFT_STANDARD_LIBRARIES = YES;
				BUNDLE_LOADER = "$(TEST_HOST)";
				CODE_SIGN_STYLE = Automatic;
				DEVELOPMENT_TEAM = CNVS5VG567;
				INFOPLIST_FILE = JournalTests/Info.plist;
				LD_RUNPATH_SEARCH_PATHS = "$(inherited) @executable_path/Frameworks @loader_path/Frameworks";
				PRODUCT_BUNDLE_IDENTIFIER = com.aigagror.JournalTests;
				PRODUCT_NAME = "$(TARGET_NAME)";
				SWIFT_VERSION = 4.0;
				TARGETED_DEVICE_FAMILY = "1,2";
				TEST_HOST = "$(BUILT_PRODUCTS_DIR)/Journal.app/Journal";
			};
			name = Release;
		};
/* End XCBuildConfiguration section */

/* Begin XCConfigurationList section */
		2C7FB7EB2003147F00554B70 /* Build configuration list for PBXProject "Journal" */ = {
			isa = XCConfigurationList;
			buildConfigurations = (
				2C7FB80E2003147F00554B70 /* Debug */,
				2C7FB80F2003147F00554B70 /* Release */,
			);
			defaultConfigurationIsVisible = 0;
			defaultConfigurationName = Release;
		};
		2C7FB8102003147F00554B70 /* Build configuration list for PBXNativeTarget "Journal" */ = {
			isa = XCConfigurationList;
			buildConfigurations = (
				2C7FB8112003147F00554B70 /* Debug */,
				2C7FB8122003147F00554B70 /* Release */,
			);
			defaultConfigurationIsVisible = 0;
			defaultConfigurationName = Release;
		};
		2C7FB8132003147F00554B70 /* Build configuration list for PBXNativeTarget "JournalTests" */ = {
			isa = XCConfigurationList;
			buildConfigurations = (
				2C7FB8142003147F00554B70 /* Debug */,
				2C7FB8152003147F00554B70 /* Release */,
			);
			defaultConfigurationIsVisible = 0;
			defaultConfigurationName = Release;
		};
/* End XCConfigurationList section */

/* Begin XCVersionGroup section */
		2C7FB7FA2003147F00554B70 /* Journal.xcdatamodeld */ = {
			isa = XCVersionGroup;
			children = (
				2C7FB7FB2003147F00554B70 /* Journal.xcdatamodel */,
			);
			currentVersion = 2C7FB7FB2003147F00554B70 /* Journal.xcdatamodel */;
			path = Journal.xcdatamodeld;
			sourceTree = "<group>";
			versionGroupType = wrapper.xcdatamodel;
		};
/* End XCVersionGroup section */
	};
	rootObject = 2C7FB7E82003147F00554B70 /* Project object */;
}
